
Microsoft Visual Studio Solution File, Format Version 12.00
# Visual Studio 15
VisualStudioVersion = 15.0.28307.329
MinimumVisualStudioVersion = 10.0.40219.1
Project("{FAE04EC0-301F-11D3-BF4B-00C04F79EFBC}") = "task2", "task2\task2.csproj", "{7A0F3B3C-E726-4211-95D8-366435858E47}"
EndProject
Global
	GlobalSection(SolutionConfigurationPlatforms) = preSolution
		Debug|Any CPU = Debug|Any CPU
		Release|Any CPU = Release|Any CPU
	EndGlobalSection
	GlobalSection(ProjectConfigurationPlatforms) = postSolution
		{7A0F3B3C-E726-4211-95D8-366435858E47}.Debug|Any CPU.ActiveCfg = Debug|Any CPU
		{7A0F3B3C-E726-4211-95D8-366435858E47}.Debug|Any CPU.Build.0 = Debug|Any CPU
		{7A0F3B3C-E726-4211-95D8-366435858E47}.Release|Any CPU.ActiveCfg = Release|Any CPU
		{7A0F3B3C-E726-4211-95D8-366435858E47}.Release|Any CPU.Build.0 = Release|Any CPU
	EndGlobalSection
	GlobalSection(SolutionProperties) = preSolution
		HideSolutionNode = FALSE
	EndGlobalSection
	GlobalSection(ExtensibilityGlobals) = postSolution
		SolutionGuid = {00C81C70-D402-4020-B767-425F931EE006}
	EndGlobalSection
EndGlobal
